
Microsoft Visual Studio Solution File, Format Version 12.00
Project("{FAE04EC0-301F-11D3-BF4B-00C04F79EFBC}") = "My Web API", "My Web API\My Web API.csproj", "{B94A4F43-0380-4E97-9BE0-2F88984D1E2C}"
EndProject
Global
	GlobalSection(SolutionConfigurationPlatforms) = preSolution
		Debug|Any CPU = Debug|Any CPU
		Release|Any CPU = Release|Any CPU
	EndGlobalSection
	GlobalSection(ProjectConfigurationPlatforms) = postSolution
		{B94A4F43-0380-4E97-9BE0-2F88984D1E2C}.Debug|Any CPU.ActiveCfg = Debug|Any CPU
		{B94A4F43-0380-4E97-9BE0-2F88984D1E2C}.Debug|Any CPU.Build.0 = Debug|Any CPU
		{B94A4F43-0380-4E97-9BE0-2F88984D1E2C}.Release|Any CPU.ActiveCfg = Release|Any CPU
		{B94A4F43-0380-4E97-9BE0-2F88984D1E2C}.Release|Any CPU.Build.0 = Release|Any CPU
	EndGlobalSection
EndGlobal
